# THIS IS AN AUTOGENERATED FILE. DO NOT EDIT THIS FILE DIRECTLY.
# yarn lockfile v1


"@commitlint/config-conventional@^8.0.0":
  version "8.1.0"
  resolved "https://registry.yarnpkg.com/@commitlint/config-conventional/-/config-conventional-8.1.0.tgz#ba61fbf0ad4df52da2b5ee3034470371a2cbf039"
  integrity sha512-/JY+FNBnrT91qzDVIoV1Buiigvj7Le7ezFw+oRqu0nYREX03k7xnaG/7t7rUSvm7hM6dnLSOlaUsevjgMI9AEw==

"@threads/tsconfig@^1.0.0":
  version "1.0.0"
  resolved "https://registry.yarnpkg.com/@threads/tsconfig/-/tsconfig-1.0.0.tgz#60c5b742854fa874b9a6b442bae2ed4379fe6084"
  integrity sha512-jmbq25ycCz+aVpYylQKoBe8gvgvXxjVPhIaFgd3C2GHmZ4xa31pDGFnXfQrQfIQ7eddvm4LV5fSP8EPnIX1dxQ==
  dependencies:
    "@commitlint/config-conventional" "^8.0.0"
